# Generated by move; do not edit
# This file should be checked in.

[move]
version = 4

[pinned.mainnet.MoveStdlib]
source = { git = "https://github.com/MystenLabs/sui.git", subdir = 'crates\sui-framework\packages\move-stdlib', rev = "ae59d7718668b468ce65702ecb0440aa2330f389" }
use_environment = "mainnet"
manifest_digest = "C4FE4C91DE74CBF223B2E380AE40F592177D21870DC2D7EB6227D2D694E05363"
deps = {}

[pinned.mainnet.Sui]
source = { git = "https://github.com/MystenLabs/sui.git", subdir = 'crates\sui-framework\packages\sui-framework', rev = "ae59d7718668b468ce65702ecb0440aa2330f389" }
use_environment = "mainnet"
manifest_digest = "CD547CB1ACCE0880C835DAED2D8FFCB91D56C833AE5240D3AA5B918398263195"
deps = { MoveStdlib = "MoveStdlib" }

[pinned.mainnet.builder_card]
source = { root = true }
use_environment = "mainnet"
manifest_digest = "6742D2457D3C5EDDB325DF22E94DA4033E54748864012B5FFDEA9FD6B02463DB"
deps = { builder_registry = "builder_registry", std = "MoveStdlib", sui = "Sui" }

[pinned.mainnet.builder_registry]
source = { git = "https://github.com/Cryptita-Plays/cryptita-builder-registry.git", subdir = "builder_registry", rev = "cd6ca4805517d3542cf161abcb1d0fd1f13c26a5" }
use_environment = "mainnet"
manifest_digest = "E41BBD67BE8940D26C79D78B028477EF5B33BA217A1282C78ACB344CF8A5ECF6"
deps = { std = "MoveStdlib", sui = "Sui" }
